<?xml version="1.0" encoding="utf-8"?>
<Project ToolsVersion="12.0" xmlns="http://schemas.microsoft.com/developer/msbuild/2003">
  <ItemGroup>
    <ClCompile Include="C:\Users\tkach\OneDrive\EPFL\Code\HModel\display\fullscreenquad\fullscreenquad.cpp">
      <Filter>Source Files</Filter>
    </ClCompile>
  </ItemGroup>
  <ItemGroup>
    <CustomBuild Include="C:\Users\tkach\OneDrive\EPFL\Code\HModel\display\fullscreenquad\CMakeLists.txt" />
  </ItemGroup>
  <ItemGroup>
    <Filter Include="Source Files">
      <UniqueIdentifier>{F411AEE3-F9CF-4955-ABFA-484B51C2B7A8}</UniqueIdentifier>
    </Filter>
  </ItemGroup>
  <ItemGroup>
    <None Include="fshader.glsl" />
    <None Include="vshader.glsl" />
  </ItemGroup>
</Project>