<?xml version="1.0" encoding="utf-8"?>
<Project ToolsVersion="12.0" xmlns="http://schemas.microsoft.com/developer/msbuild/2003">
  <ItemGroup>
    <ClCompile Include="C:\Users\tkach\OneDrive\EPFL\Code\HModel\display\opengl-renderer\opengl-renderer.cpp">
      <Filter>Source Files</Filter>
    </ClCompile>
  </ItemGroup>
  <ItemGroup>
    <CustomBuild Include="C:\Users\tkach\OneDrive\EPFL\Code\HModel\display\opengl-renderer\CMakeLists.txt" />
  </ItemGroup>
  <ItemGroup>
    <Filter Include="Source Files">
      <UniqueIdentifier>{719D5ED0-A7DA-4FCC-A3E7-140349E226D4}</UniqueIdentifier>
    </Filter>
  </ItemGroup>
  <ItemGroup>
    <None Include="data_points_fshader.glsl" />
    <None Include="data_points_vshader.glsl" />
    <None Include="model_fshader.glsl" />
    <None Include="model_points_fshader.glsl" />
    <None Include="model_points_vshader.glsl" />
    <None Include="model_vshader.glsl" />
    <None Include="lines_fshader.glsl" />
    <None Include="lines_vshader.glsl" />
  </ItemGroup>
</Project>