Microsoft Visual Studio Solution File, Format Version 12.00
# Visual Studio 2013
Project("{8BC9CEB8-8B4A-11D0-8D11-00A0C91BC942}") = "ALL_BUILD", "ALL_BUILD.vcxproj", "{A6C33D9E-0753-41EB-872D-7BCC8D260649}"
	ProjectSection(ProjectDependencies) = postProject
		{83A9143D-A1AD-4FF6-81C8-79867DCFD7CC} = {83A9143D-A1AD-4FF6-81C8-79867DCFD7CC}
		{AC0A133F-EE90-42B6-A3DA-C27611C7B0C1} = {AC0A133F-EE90-42B6-A3DA-C27611C7B0C1}
	EndProjectSection
EndProject
Project("{8BC9CEB8-8B4A-11D0-8D11-00A0C91BC942}") = "ZERO_CHECK", "ZERO_CHECK.vcxproj", "{83A9143D-A1AD-4FF6-81C8-79867DCFD7CC}"
	ProjectSection(ProjectDependencies) = postProject
	EndProjectSection
EndProject
Project("{8BC9CEB8-8B4A-11D0-8D11-00A0C91BC942}") = "opengl-renderer", "opengl-renderer.vcxproj", "{AC0A133F-EE90-42B6-A3DA-C27611C7B0C1}"
	ProjectSection(ProjectDependencies) = postProject
		{83A9143D-A1AD-4FF6-81C8-79867DCFD7CC} = {83A9143D-A1AD-4FF6-81C8-79867DCFD7CC}
	EndProjectSection
EndProject
Global
	GlobalSection(SolutionConfigurationPlatforms) = preSolution
		Debug|x64 = Debug|x64
		Release|x64 = Release|x64
		MinSizeRel|x64 = MinSizeRel|x64
		RelWithDebInfo|x64 = RelWithDebInfo|x64
	EndGlobalSection
	GlobalSection(ProjectConfigurationPlatforms) = postSolution
		{A6C33D9E-0753-41EB-872D-7BCC8D260649}.Debug|x64.ActiveCfg = Debug|x64
		{A6C33D9E-0753-41EB-872D-7BCC8D260649}.Release|x64.ActiveCfg = Release|x64
		{A6C33D9E-0753-41EB-872D-7BCC8D260649}.MinSizeRel|x64.ActiveCfg = MinSizeRel|x64
		{A6C33D9E-0753-41EB-872D-7BCC8D260649}.RelWithDebInfo|x64.ActiveCfg = RelWithDebInfo|x64
		{83A9143D-A1AD-4FF6-81C8-79867DCFD7CC}.Debug|x64.ActiveCfg = Debug|x64
		{83A9143D-A1AD-4FF6-81C8-79867DCFD7CC}.Debug|x64.Build.0 = Debug|x64
		{83A9143D-A1AD-4FF6-81C8-79867DCFD7CC}.Release|x64.ActiveCfg = Release|x64
		{83A9143D-A1AD-4FF6-81C8-79867DCFD7CC}.Release|x64.Build.0 = Release|x64
		{83A9143D-A1AD-4FF6-81C8-79867DCFD7CC}.MinSizeRel|x64.ActiveCfg = MinSizeRel|x64
		{83A9143D-A1AD-4FF6-81C8-79867DCFD7CC}.MinSizeRel|x64.Build.0 = MinSizeRel|x64
		{83A9143D-A1AD-4FF6-81C8-79867DCFD7CC}.RelWithDebInfo|x64.ActiveCfg = RelWithDebInfo|x64
		{83A9143D-A1AD-4FF6-81C8-79867DCFD7CC}.RelWithDebInfo|x64.Build.0 = RelWithDebInfo|x64
		{AC0A133F-EE90-42B6-A3DA-C27611C7B0C1}.Debug|x64.ActiveCfg = Debug|x64
		{AC0A133F-EE90-42B6-A3DA-C27611C7B0C1}.Debug|x64.Build.0 = Debug|x64
		{AC0A133F-EE90-42B6-A3DA-C27611C7B0C1}.Release|x64.ActiveCfg = Release|x64
		{AC0A133F-EE90-42B6-A3DA-C27611C7B0C1}.Release|x64.Build.0 = Release|x64
		{AC0A133F-EE90-42B6-A3DA-C27611C7B0C1}.MinSizeRel|x64.ActiveCfg = MinSizeRel|x64
		{AC0A133F-EE90-42B6-A3DA-C27611C7B0C1}.MinSizeRel|x64.Build.0 = MinSizeRel|x64
		{AC0A133F-EE90-42B6-A3DA-C27611C7B0C1}.RelWithDebInfo|x64.ActiveCfg = RelWithDebInfo|x64
		{AC0A133F-EE90-42B6-A3DA-C27611C7B0C1}.RelWithDebInfo|x64.Build.0 = RelWithDebInfo|x64
	EndGlobalSection
	GlobalSection(ExtensibilityGlobals) = postSolution
	EndGlobalSection
	GlobalSection(ExtensibilityAddIns) = postSolution
	EndGlobalSection
EndGlobal
