Microsoft Visual Studio Solution File, Format Version 12.00
# Visual Studio 2013
Project("{8BC9CEB8-8B4A-11D0-8D11-00A0C91BC942}") = "ALL_BUILD", "ALL_BUILD.vcxproj", "{61EF21AB-7828-4990-AFFB-F0200ECFA827}"
	ProjectSection(ProjectDependencies) = postProject
		{494BBC9B-34D5-4589-80CE-BE9D271F1556} = {494BBC9B-34D5-4589-80CE-BE9D271F1556}
		{625CF9DF-A160-4E7B-A2C4-9B57BCE0EABE} = {625CF9DF-A160-4E7B-A2C4-9B57BCE0EABE}
	EndProjectSection
EndProject
Project("{8BC9CEB8-8B4A-11D0-8D11-00A0C91BC942}") = "ZERO_CHECK", "ZERO_CHECK.vcxproj", "{494BBC9B-34D5-4589-80CE-BE9D271F1556}"
	ProjectSection(ProjectDependencies) = postProject
	EndProjectSection
EndProject
Project("{8BC9CEB8-8B4A-11D0-8D11-00A0C91BC942}") = "opengl-renderer", "opengl-renderer.vcxproj", "{625CF9DF-A160-4E7B-A2C4-9B57BCE0EABE}"
	ProjectSection(ProjectDependencies) = postProject
		{494BBC9B-34D5-4589-80CE-BE9D271F1556} = {494BBC9B-34D5-4589-80CE-BE9D271F1556}
	EndProjectSection
EndProject
Global
	GlobalSection(SolutionConfigurationPlatforms) = preSolution
		Debug|x64 = Debug|x64
		Release|x64 = Release|x64
		MinSizeRel|x64 = MinSizeRel|x64
		RelWithDebInfo|x64 = RelWithDebInfo|x64
	EndGlobalSection
	GlobalSection(ProjectConfigurationPlatforms) = postSolution
		{61EF21AB-7828-4990-AFFB-F0200ECFA827}.Debug|x64.ActiveCfg = Debug|x64
		{61EF21AB-7828-4990-AFFB-F0200ECFA827}.Release|x64.ActiveCfg = Release|x64
		{61EF21AB-7828-4990-AFFB-F0200ECFA827}.MinSizeRel|x64.ActiveCfg = MinSizeRel|x64
		{61EF21AB-7828-4990-AFFB-F0200ECFA827}.RelWithDebInfo|x64.ActiveCfg = RelWithDebInfo|x64
		{494BBC9B-34D5-4589-80CE-BE9D271F1556}.Debug|x64.ActiveCfg = Debug|x64
		{494BBC9B-34D5-4589-80CE-BE9D271F1556}.Debug|x64.Build.0 = Debug|x64
		{494BBC9B-34D5-4589-80CE-BE9D271F1556}.Release|x64.ActiveCfg = Release|x64
		{494BBC9B-34D5-4589-80CE-BE9D271F1556}.Release|x64.Build.0 = Release|x64
		{494BBC9B-34D5-4589-80CE-BE9D271F1556}.MinSizeRel|x64.ActiveCfg = MinSizeRel|x64
		{494BBC9B-34D5-4589-80CE-BE9D271F1556}.MinSizeRel|x64.Build.0 = MinSizeRel|x64
		{494BBC9B-34D5-4589-80CE-BE9D271F1556}.RelWithDebInfo|x64.ActiveCfg = RelWithDebInfo|x64
		{494BBC9B-34D5-4589-80CE-BE9D271F1556}.RelWithDebInfo|x64.Build.0 = RelWithDebInfo|x64
		{625CF9DF-A160-4E7B-A2C4-9B57BCE0EABE}.Debug|x64.ActiveCfg = Debug|x64
		{625CF9DF-A160-4E7B-A2C4-9B57BCE0EABE}.Debug|x64.Build.0 = Debug|x64
		{625CF9DF-A160-4E7B-A2C4-9B57BCE0EABE}.Release|x64.ActiveCfg = Release|x64
		{625CF9DF-A160-4E7B-A2C4-9B57BCE0EABE}.Release|x64.Build.0 = Release|x64
		{625CF9DF-A160-4E7B-A2C4-9B57BCE0EABE}.MinSizeRel|x64.ActiveCfg = MinSizeRel|x64
		{625CF9DF-A160-4E7B-A2C4-9B57BCE0EABE}.MinSizeRel|x64.Build.0 = MinSizeRel|x64
		{625CF9DF-A160-4E7B-A2C4-9B57BCE0EABE}.RelWithDebInfo|x64.ActiveCfg = RelWithDebInfo|x64
		{625CF9DF-A160-4E7B-A2C4-9B57BCE0EABE}.RelWithDebInfo|x64.Build.0 = RelWithDebInfo|x64
	EndGlobalSection
	GlobalSection(ExtensibilityGlobals) = postSolution
	EndGlobalSection
	GlobalSection(ExtensibilityAddIns) = postSolution
	EndGlobalSection
EndGlobal
