Microsoft Visual Studio Solution File, Format Version 12.00
# Visual Studio 2013
Project("{8BC9CEB8-8B4A-11D0-8D11-00A0C91BC942}") = "ALL_BUILD", "ALL_BUILD.vcxproj", "{F0DC6A20-5BB4-400E-8258-039147B660EB}"
	ProjectSection(ProjectDependencies) = postProject
		{0D6A6C97-E8CB-44DE-B9DC-D01190643450} = {0D6A6C97-E8CB-44DE-B9DC-D01190643450}
		{0361F2C5-1F13-47BD-B327-3B0B44412538} = {0361F2C5-1F13-47BD-B327-3B0B44412538}
	EndProjectSection
EndProject
Project("{8BC9CEB8-8B4A-11D0-8D11-00A0C91BC942}") = "Convolution_renderer", "Convolution_renderer.vcxproj", "{0D6A6C97-E8CB-44DE-B9DC-D01190643450}"
	ProjectSection(ProjectDependencies) = postProject
		{0361F2C5-1F13-47BD-B327-3B0B44412538} = {0361F2C5-1F13-47BD-B327-3B0B44412538}
	EndProjectSection
EndProject
Project("{8BC9CEB8-8B4A-11D0-8D11-00A0C91BC942}") = "ZERO_CHECK", "ZERO_CHECK.vcxproj", "{0361F2C5-1F13-47BD-B327-3B0B44412538}"
	ProjectSection(ProjectDependencies) = postProject
	EndProjectSection
EndProject
Global
	GlobalSection(SolutionConfigurationPlatforms) = preSolution
		Debug|x64 = Debug|x64
		Release|x64 = Release|x64
		MinSizeRel|x64 = MinSizeRel|x64
		RelWithDebInfo|x64 = RelWithDebInfo|x64
	EndGlobalSection
	GlobalSection(ProjectConfigurationPlatforms) = postSolution
		{F0DC6A20-5BB4-400E-8258-039147B660EB}.Debug|x64.ActiveCfg = Debug|x64
		{F0DC6A20-5BB4-400E-8258-039147B660EB}.Release|x64.ActiveCfg = Release|x64
		{F0DC6A20-5BB4-400E-8258-039147B660EB}.MinSizeRel|x64.ActiveCfg = MinSizeRel|x64
		{F0DC6A20-5BB4-400E-8258-039147B660EB}.RelWithDebInfo|x64.ActiveCfg = RelWithDebInfo|x64
		{0D6A6C97-E8CB-44DE-B9DC-D01190643450}.Debug|x64.ActiveCfg = Debug|x64
		{0D6A6C97-E8CB-44DE-B9DC-D01190643450}.Debug|x64.Build.0 = Debug|x64
		{0D6A6C97-E8CB-44DE-B9DC-D01190643450}.Release|x64.ActiveCfg = Release|x64
		{0D6A6C97-E8CB-44DE-B9DC-D01190643450}.Release|x64.Build.0 = Release|x64
		{0D6A6C97-E8CB-44DE-B9DC-D01190643450}.MinSizeRel|x64.ActiveCfg = MinSizeRel|x64
		{0D6A6C97-E8CB-44DE-B9DC-D01190643450}.MinSizeRel|x64.Build.0 = MinSizeRel|x64
		{0D6A6C97-E8CB-44DE-B9DC-D01190643450}.RelWithDebInfo|x64.ActiveCfg = RelWithDebInfo|x64
		{0D6A6C97-E8CB-44DE-B9DC-D01190643450}.RelWithDebInfo|x64.Build.0 = RelWithDebInfo|x64
		{0361F2C5-1F13-47BD-B327-3B0B44412538}.Debug|x64.ActiveCfg = Debug|x64
		{0361F2C5-1F13-47BD-B327-3B0B44412538}.Debug|x64.Build.0 = Debug|x64
		{0361F2C5-1F13-47BD-B327-3B0B44412538}.Release|x64.ActiveCfg = Release|x64
		{0361F2C5-1F13-47BD-B327-3B0B44412538}.Release|x64.Build.0 = Release|x64
		{0361F2C5-1F13-47BD-B327-3B0B44412538}.MinSizeRel|x64.ActiveCfg = MinSizeRel|x64
		{0361F2C5-1F13-47BD-B327-3B0B44412538}.MinSizeRel|x64.Build.0 = MinSizeRel|x64
		{0361F2C5-1F13-47BD-B327-3B0B44412538}.RelWithDebInfo|x64.ActiveCfg = RelWithDebInfo|x64
		{0361F2C5-1F13-47BD-B327-3B0B44412538}.RelWithDebInfo|x64.Build.0 = RelWithDebInfo|x64
	EndGlobalSection
	GlobalSection(ExtensibilityGlobals) = postSolution
	EndGlobalSection
	GlobalSection(ExtensibilityAddIns) = postSolution
	EndGlobalSection
EndGlobal
